
Microsoft Visual Studio Solution File, Format Version 12.00
# Visual Studio Version 16
VisualStudioVersion = 16.0.32802.440
MinimumVisualStudioVersion = 10.0.40219.1
Project("{8BC9CEB8-8B4A-11D0-8D11-00A0C91BC942}") = "Базовый уровень", "Базовый уровень\Базовый уровень.vcxproj", "{03C0E6A0-A9A0-44FF-8E36-A9B6F9D96A94}"
EndProject
Global
	GlobalSection(SolutionConfigurationPlatforms) = preSolution
		Debug|x64 = Debug|x64
		Debug|x86 = Debug|x86
		Release|x64 = Release|x64
		Release|x86 = Release|x86
	EndGlobalSection
	GlobalSection(ProjectConfigurationPlatforms) = postSolution
		{03C0E6A0-A9A0-44FF-8E36-A9B6F9D96A94}.Debug|x64.ActiveCfg = Debug|x64
		{03C0E6A0-A9A0-44FF-8E36-A9B6F9D96A94}.Debug|x64.Build.0 = Debug|x64
		{03C0E6A0-A9A0-44FF-8E36-A9B6F9D96A94}.Debug|x86.ActiveCfg = Debug|Win32
		{03C0E6A0-A9A0-44FF-8E36-A9B6F9D96A94}.Debug|x86.Build.0 = Debug|Win32
		{03C0E6A0-A9A0-44FF-8E36-A9B6F9D96A94}.Release|x64.ActiveCfg = Release|x64
		{03C0E6A0-A9A0-44FF-8E36-A9B6F9D96A94}.Release|x64.Build.0 = Release|x64
		{03C0E6A0-A9A0-44FF-8E36-A9B6F9D96A94}.Release|x86.ActiveCfg = Release|Win32
		{03C0E6A0-A9A0-44FF-8E36-A9B6F9D96A94}.Release|x86.Build.0 = Release|Win32
	EndGlobalSection
	GlobalSection(SolutionProperties) = preSolution
		HideSolutionNode = FALSE
	EndGlobalSection
	GlobalSection(ExtensibilityGlobals) = postSolution
		SolutionGuid = {6E0B3409-A675-4935-AF3E-7FD9F7CE2658}
	EndGlobalSection
EndGlobal
